
Microsoft Visual Studio Solution File, Format Version 12.00
Project("{FAE04EC0-301F-11D3-BF4B-00C04F79EFBC}") = "AiSqlConsole", "AiSqlConsole\AiSqlConsole.csproj", "{2902DD10-4102-4AF5-A045-DDAB319E0C0E}"
EndProject
Global
	GlobalSection(SolutionConfigurationPlatforms) = preSolution
		Debug|Any CPU = Debug|Any CPU
		Release|Any CPU = Release|Any CPU
	EndGlobalSection
	GlobalSection(ProjectConfigurationPlatforms) = postSolution
		{2902DD10-4102-4AF5-A045-DDAB319E0C0E}.Debug|Any CPU.ActiveCfg = Debug|Any CPU
		{2902DD10-4102-4AF5-A045-DDAB319E0C0E}.Debug|Any CPU.Build.0 = Debug|Any CPU
		{2902DD10-4102-4AF5-A045-DDAB319E0C0E}.Release|Any CPU.ActiveCfg = Release|Any CPU
		{2902DD10-4102-4AF5-A045-DDAB319E0C0E}.Release|Any CPU.Build.0 = Release|Any CPU
	EndGlobalSection
EndGlobal
